
Microsoft Visual Studio Solution File, Format Version 12.00
# Visual Studio Version 17
VisualStudioVersion = 17.5.33530.505
MinimumVisualStudioVersion = 10.0.40219.1
Project("{9A19103F-16F7-4668-BE54-9A1E7A4F7556}") = "FolderTemplates.API", "FolderTemplates.API\FolderTemplates.API.csproj", "{B003DFAE-E8FF-40C3-B2B7-F70F5F714AC8}"
EndProject
Project("{9A19103F-16F7-4668-BE54-9A1E7A4F7556}") = "FolderTemplates.CommandLine", "FolderTemplates.CommandLine\FolderTemplates.CommandLine.csproj", "{3CDB4319-AD8E-4D80-BEE7-71976596D8E5}"
EndProject
Project("{9A19103F-16F7-4668-BE54-9A1E7A4F7556}") = "FolderTemplates.Console", "FolderTemplates.Console\FolderTemplates.Console.csproj", "{09CC889E-E6BD-4388-A074-92231EDD6FD9}"
EndProject
Project("{2150E333-8FDC-42A3-9474-1A3956D46DE8}") = "Solution Items", "Solution Items", "{091252B9-1EA4-4BA1-AF86-0380598EC25C}"
	ProjectSection(SolutionItems) = preProject
		LICENSE.txt = LICENSE.txt
		README.md = README.md
	EndProjectSection
EndProject
Project("{9A19103F-16F7-4668-BE54-9A1E7A4F7556}") = "FolderTemplates.App", "FolderTemplates.App\FolderTemplates.App.csproj", "{2A4E9092-A22A-44C7-81CA-7D938AB88BDB}"
EndProject
Project("{9A19103F-16F7-4668-BE54-9A1E7A4F7556}") = "FolderTemplates.Data", "FolderTemplates.Data\FolderTemplates.Data.csproj", "{9AEFF22C-7152-448C-909B-8DEE0BEFEAFB}"
EndProject
Project("{54435603-DBB4-11D2-8724-00A0C9A8B90C}") = "FolderTemplates.Setup", "FolderTemplates.Setup\FolderTemplates.Setup.vdproj", "{1A982362-B654-4009-9C41-EB68C4729778}"
EndProject
Project("{9A19103F-16F7-4668-BE54-9A1E7A4F7556}") = "FolderTemplates.API.Console", "FolderTemplates.API.Console\FolderTemplates.API.Console.csproj", "{DBF4D948-46B7-49C9-A88D-993C7A6E9C67}"
EndProject
Global
	GlobalSection(SolutionConfigurationPlatforms) = preSolution
		Debug|Any CPU = Debug|Any CPU
		Debug|ARM64 = Debug|ARM64
		Debug|x64 = Debug|x64
		Debug|x86 = Debug|x86
		Release|Any CPU = Release|Any CPU
		Release|ARM64 = Release|ARM64
		Release|x64 = Release|x64
		Release|x86 = Release|x86
	EndGlobalSection
	GlobalSection(ProjectConfigurationPlatforms) = postSolution
		{B003DFAE-E8FF-40C3-B2B7-F70F5F714AC8}.Debug|Any CPU.ActiveCfg = Debug|Any CPU
		{B003DFAE-E8FF-40C3-B2B7-F70F5F714AC8}.Debug|Any CPU.Build.0 = Debug|Any CPU
		{B003DFAE-E8FF-40C3-B2B7-F70F5F714AC8}.Debug|ARM64.ActiveCfg = Debug|Any CPU
		{B003DFAE-E8FF-40C3-B2B7-F70F5F714AC8}.Debug|ARM64.Build.0 = Debug|Any CPU
		{B003DFAE-E8FF-40C3-B2B7-F70F5F714AC8}.Debug|x64.ActiveCfg = Debug|Any CPU
		{B003DFAE-E8FF-40C3-B2B7-F70F5F714AC8}.Debug|x64.Build.0 = Debug|Any CPU
		{B003DFAE-E8FF-40C3-B2B7-F70F5F714AC8}.Debug|x86.ActiveCfg = Debug|Any CPU
		{B003DFAE-E8FF-40C3-B2B7-F70F5F714AC8}.Debug|x86.Build.0 = Debug|Any CPU
		{B003DFAE-E8FF-40C3-B2B7-F70F5F714AC8}.Release|Any CPU.ActiveCfg = Release|Any CPU
		{B003DFAE-E8FF-40C3-B2B7-F70F5F714AC8}.Release|Any CPU.Build.0 = Release|Any CPU
		{B003DFAE-E8FF-40C3-B2B7-F70F5F714AC8}.Release|ARM64.ActiveCfg = Release|Any CPU
		{B003DFAE-E8FF-40C3-B2B7-F70F5F714AC8}.Release|ARM64.Build.0 = Release|Any CPU
		{B003DFAE-E8FF-40C3-B2B7-F70F5F714AC8}.Release|x64.ActiveCfg = Release|Any CPU
		{B003DFAE-E8FF-40C3-B2B7-F70F5F714AC8}.Release|x64.Build.0 = Release|Any CPU
		{B003DFAE-E8FF-40C3-B2B7-F70F5F714AC8}.Release|x86.ActiveCfg = Release|Any CPU
		{B003DFAE-E8FF-40C3-B2B7-F70F5F714AC8}.Release|x86.Build.0 = Release|Any CPU
		{3CDB4319-AD8E-4D80-BEE7-71976596D8E5}.Debug|Any CPU.ActiveCfg = Debug|Any CPU
		{3CDB4319-AD8E-4D80-BEE7-71976596D8E5}.Debug|Any CPU.Build.0 = Debug|Any CPU
		{3CDB4319-AD8E-4D80-BEE7-71976596D8E5}.Debug|ARM64.ActiveCfg = Debug|Any CPU
		{3CDB4319-AD8E-4D80-BEE7-71976596D8E5}.Debug|ARM64.Build.0 = Debug|Any CPU
		{3CDB4319-AD8E-4D80-BEE7-71976596D8E5}.Debug|x64.ActiveCfg = Debug|Any CPU
		{3CDB4319-AD8E-4D80-BEE7-71976596D8E5}.Debug|x64.Build.0 = Debug|Any CPU
		{3CDB4319-AD8E-4D80-BEE7-71976596D8E5}.Debug|x86.ActiveCfg = Debug|Any CPU
		{3CDB4319-AD8E-4D80-BEE7-71976596D8E5}.Debug|x86.Build.0 = Debug|Any CPU
		{3CDB4319-AD8E-4D80-BEE7-71976596D8E5}.Release|Any CPU.ActiveCfg = Release|Any CPU
		{3CDB4319-AD8E-4D80-BEE7-71976596D8E5}.Release|Any CPU.Build.0 = Release|Any CPU
		{3CDB4319-AD8E-4D80-BEE7-71976596D8E5}.Release|ARM64.ActiveCfg = Release|Any CPU
		{3CDB4319-AD8E-4D80-BEE7-71976596D8E5}.Release|ARM64.Build.0 = Release|Any CPU
		{3CDB4319-AD8E-4D80-BEE7-71976596D8E5}.Release|x64.ActiveCfg = Release|Any CPU
		{3CDB4319-AD8E-4D80-BEE7-71976596D8E5}.Release|x64.Build.0 = Release|Any CPU
		{3CDB4319-AD8E-4D80-BEE7-71976596D8E5}.Release|x86.ActiveCfg = Release|Any CPU
		{3CDB4319-AD8E-4D80-BEE7-71976596D8E5}.Release|x86.Build.0 = Release|Any CPU
		{09CC889E-E6BD-4388-A074-92231EDD6FD9}.Debug|Any CPU.ActiveCfg = Debug|Any CPU
		{09CC889E-E6BD-4388-A074-92231EDD6FD9}.Debug|Any CPU.Build.0 = Debug|Any CPU
		{09CC889E-E6BD-4388-A074-92231EDD6FD9}.Debug|ARM64.ActiveCfg = Debug|Any CPU
		{09CC889E-E6BD-4388-A074-92231EDD6FD9}.Debug|ARM64.Build.0 = Debug|Any CPU
		{09CC889E-E6BD-4388-A074-92231EDD6FD9}.Debug|x64.ActiveCfg = Debug|Any CPU
		{09CC889E-E6BD-4388-A074-92231EDD6FD9}.Debug|x64.Build.0 = Debug|Any CPU
		{09CC889E-E6BD-4388-A074-92231EDD6FD9}.Debug|x86.ActiveCfg = Debug|Any CPU
		{09CC889E-E6BD-4388-A074-92231EDD6FD9}.Debug|x86.Build.0 = Debug|Any CPU
		{09CC889E-E6BD-4388-A074-92231EDD6FD9}.Release|Any CPU.ActiveCfg = Release|Any CPU
		{09CC889E-E6BD-4388-A074-92231EDD6FD9}.Release|Any CPU.Build.0 = Release|Any CPU
		{09CC889E-E6BD-4388-A074-92231EDD6FD9}.Release|ARM64.ActiveCfg = Release|Any CPU
		{09CC889E-E6BD-4388-A074-92231EDD6FD9}.Release|ARM64.Build.0 = Release|Any CPU
		{09CC889E-E6BD-4388-A074-92231EDD6FD9}.Release|x64.ActiveCfg = Release|Any CPU
		{09CC889E-E6BD-4388-A074-92231EDD6FD9}.Release|x64.Build.0 = Release|Any CPU
		{09CC889E-E6BD-4388-A074-92231EDD6FD9}.Release|x86.ActiveCfg = Release|Any CPU
		{09CC889E-E6BD-4388-A074-92231EDD6FD9}.Release|x86.Build.0 = Release|Any CPU
		{2A4E9092-A22A-44C7-81CA-7D938AB88BDB}.Debug|Any CPU.ActiveCfg = Debug|Any CPU
		{2A4E9092-A22A-44C7-81CA-7D938AB88BDB}.Debug|Any CPU.Build.0 = Debug|Any CPU
		{2A4E9092-A22A-44C7-81CA-7D938AB88BDB}.Debug|ARM64.ActiveCfg = Debug|Any CPU
		{2A4E9092-A22A-44C7-81CA-7D938AB88BDB}.Debug|ARM64.Build.0 = Debug|Any CPU
		{2A4E9092-A22A-44C7-81CA-7D938AB88BDB}.Debug|x64.ActiveCfg = Debug|Any CPU
		{2A4E9092-A22A-44C7-81CA-7D938AB88BDB}.Debug|x64.Build.0 = Debug|Any CPU
		{2A4E9092-A22A-44C7-81CA-7D938AB88BDB}.Debug|x86.ActiveCfg = Debug|Any CPU
		{2A4E9092-A22A-44C7-81CA-7D938AB88BDB}.Debug|x86.Build.0 = Debug|Any CPU
		{2A4E9092-A22A-44C7-81CA-7D938AB88BDB}.Release|Any CPU.ActiveCfg = Release|Any CPU
		{2A4E9092-A22A-44C7-81CA-7D938AB88BDB}.Release|Any CPU.Build.0 = Release|Any CPU
		{2A4E9092-A22A-44C7-81CA-7D938AB88BDB}.Release|ARM64.ActiveCfg = Release|Any CPU
		{2A4E9092-A22A-44C7-81CA-7D938AB88BDB}.Release|ARM64.Build.0 = Release|Any CPU
		{2A4E9092-A22A-44C7-81CA-7D938AB88BDB}.Release|x64.ActiveCfg = Release|Any CPU
		{2A4E9092-A22A-44C7-81CA-7D938AB88BDB}.Release|x64.Build.0 = Release|Any CPU
		{2A4E9092-A22A-44C7-81CA-7D938AB88BDB}.Release|x86.ActiveCfg = Release|Any CPU
		{2A4E9092-A22A-44C7-81CA-7D938AB88BDB}.Release|x86.Build.0 = Release|Any CPU
		{9AEFF22C-7152-448C-909B-8DEE0BEFEAFB}.Debug|Any CPU.ActiveCfg = Debug|Any CPU
		{9AEFF22C-7152-448C-909B-8DEE0BEFEAFB}.Debug|Any CPU.Build.0 = Debug|Any CPU
		{9AEFF22C-7152-448C-909B-8DEE0BEFEAFB}.Debug|ARM64.ActiveCfg = Debug|Any CPU
		{9AEFF22C-7152-448C-909B-8DEE0BEFEAFB}.Debug|ARM64.Build.0 = Debug|Any CPU
		{9AEFF22C-7152-448C-909B-8DEE0BEFEAFB}.Debug|x64.ActiveCfg = Debug|Any CPU
		{9AEFF22C-7152-448C-909B-8DEE0BEFEAFB}.Debug|x64.Build.0 = Debug|Any CPU
		{9AEFF22C-7152-448C-909B-8DEE0BEFEAFB}.Debug|x86.ActiveCfg = Debug|Any CPU
		{9AEFF22C-7152-448C-909B-8DEE0BEFEAFB}.Debug|x86.Build.0 = Debug|Any CPU
		{9AEFF22C-7152-448C-909B-8DEE0BEFEAFB}.Release|Any CPU.ActiveCfg = Release|Any CPU
		{9AEFF22C-7152-448C-909B-8DEE0BEFEAFB}.Release|Any CPU.Build.0 = Release|Any CPU
		{9AEFF22C-7152-448C-909B-8DEE0BEFEAFB}.Release|ARM64.ActiveCfg = Release|Any CPU
		{9AEFF22C-7152-448C-909B-8DEE0BEFEAFB}.Release|ARM64.Build.0 = Release|Any CPU
		{9AEFF22C-7152-448C-909B-8DEE0BEFEAFB}.Release|x64.ActiveCfg = Release|Any CPU
		{9AEFF22C-7152-448C-909B-8DEE0BEFEAFB}.Release|x64.Build.0 = Release|Any CPU
		{9AEFF22C-7152-448C-909B-8DEE0BEFEAFB}.Release|x86.ActiveCfg = Release|Any CPU
		{9AEFF22C-7152-448C-909B-8DEE0BEFEAFB}.Release|x86.Build.0 = Release|Any CPU
		{1A982362-B654-4009-9C41-EB68C4729778}.Debug|Any CPU.ActiveCfg = Debug
		{1A982362-B654-4009-9C41-EB68C4729778}.Debug|ARM64.ActiveCfg = Debug
		{1A982362-B654-4009-9C41-EB68C4729778}.Debug|x64.ActiveCfg = Debug
		{1A982362-B654-4009-9C41-EB68C4729778}.Debug|x86.ActiveCfg = Debug
		{1A982362-B654-4009-9C41-EB68C4729778}.Release|Any CPU.ActiveCfg = Release
		{1A982362-B654-4009-9C41-EB68C4729778}.Release|ARM64.ActiveCfg = Release
		{1A982362-B654-4009-9C41-EB68C4729778}.Release|x64.ActiveCfg = Release
		{1A982362-B654-4009-9C41-EB68C4729778}.Release|x86.ActiveCfg = Release
	EndGlobalSection
	GlobalSection(SolutionProperties) = preSolution
		HideSolutionNode = FALSE
	EndGlobalSection
	GlobalSection(NestedProjects) = preSolution
		{688B575B-FD16-46FC-BE6F-8F0DAF451B6F} = {091252B9-1EA4-4BA1-AF86-0380598EC25C}
	EndGlobalSection
	GlobalSection(ExtensibilityGlobals) = postSolution
		SolutionGuid = {79A00B66-D541-46BE-9C5B-B94EB4BA050D}
	EndGlobalSection
EndGlobal
